// !$*UTF8*$!
{
	archiveVersion = 1;
	classes = {
	};
	objectVersion = 46;
	objects = {

/* Begin PBXBuildFile section */
		90D9865519CB446E00F98338 /* AppDelegate.swift in Sources */ = {isa = PBXBuildFile; fileRef = 90D9865419CB446E00F98338 /* AppDelegate.swift */; };
		90D9865719CB446E00F98338 /* ViewController.swift in Sources */ = {isa = PBXBuildFile; fileRef = 90D9865619CB446E00F98338 /* ViewController.swift */; };
		90D9865A19CB446E00F98338 /* Main.storyboard in Resources */ = {isa = PBXBuildFile; fileRef = 90D9865819CB446E00F98338 /* Main.storyboard */; };
		90D9865C19CB446E00F98338 /* Images.xcassets in Resources */ = {isa = PBXBuildFile; fileRef = 90D9865B19CB446E00F98338 /* Images.xcassets */; };
		90D9866819CB446E00F98338 /* Tip_CalculatorTests.swift in Sources */ = {isa = PBXBuildFile; fileRef = 90D9866719CB446E00F98338 /* Tip_CalculatorTests.swift */; };
		90D9867219CB5FA200F98338 /* UserViewController.swift in Sources */ = {isa = PBXBuildFile; fileRef = 90D9867119CB5FA200F98338 /* UserViewController.swift */; };
/* End PBXBuildFile section */

/* Begin PBXContainerItemProxy section */
		90D9866219CB446E00F98338 /* PBXContainerItemProxy */ = {
			isa = PBXContainerItemProxy;
			containerPortal = 90D9864719CB446D00F98338 /* Project object */;
			proxyType = 1;
			remoteGlobalIDString = 90D9864E19CB446E00F98338;
			remoteInfo = "Tip Calculator";
		};
/* End PBXContainerItemProxy section */

/* Begin PBXFileReference section */
		90D9864F19CB446E00F98338 /* Tip Calculator.app */ = {isa = PBXFileReference; explicitFileType = wrapper.application; includeInIndex = 0; path = "Tip Calculator.app"; sourceTree = BUILT_PRODUCTS_DIR; };
		90D9865319CB446E00F98338 /* Info.plist */ = {isa = PBXFileReference; lastKnownFileType = text.plist.xml; path = Info.plist; sourceTree = "<group>"; };
		90D9865419CB446E00F98338 /* AppDelegate.swift */ = {isa = PBXFileReference; lastKnownFileType = sourcecode.swift; path = AppDelegate.swift; sourceTree = "<group>"; };
		90D9865619CB446E00F98338 /* ViewController.swift */ = {isa = PBXFileReference; lastKnownFileType = sourcecode.swift; path = ViewController.swift; sourceTree = "<group>"; };
		90D9865919CB446E00F98338 /* Base */ = {isa = PBXFileReference; lastKnownFileType = file.storyboard; name = Base; path = Base.lproj/Main.storyboard; sourceTree = "<group>"; };
		90D9865B19CB446E00F98338 /* Images.xcassets */ = {isa = PBXFileReference; lastKnownFileType = folder.assetcatalog; path = Images.xcassets; sourceTree = "<group>"; };
		90D9866119CB446E00F98338 /* Tip CalculatorTests.xctest */ = {isa = PBXFileReference; explicitFileType = wrapper.cfbundle; includeInIndex = 0; path = "Tip CalculatorTests.xctest"; sourceTree = BUILT_PRODUCTS_DIR; };
		90D9866619CB446E00F98338 /* Info.plist */ = {isa = PBXFileReference; lastKnownFileType = text.plist.xml; path = Info.plist; sourceTree = "<group>"; };
		90D9866719CB446E00F98338 /* Tip_CalculatorTests.swift */ = {isa = PBXFileReference; lastKnownFileType = sourcecode.swift; path = Tip_CalculatorTests.swift; sourceTree = "<group>"; };
		90D9867119CB5FA200F98338 /* UserViewController.swift */ = {isa = PBXFileReference; fileEncoding = 4; lastKnownFileType = sourcecode.swift; path = UserViewController.swift; sourceTree = "<group>"; };
/* End PBXFileReference section */

/* Begin PBXFrameworksBuildPhase section */
		90D9864C19CB446E00F98338 /* Frameworks */ = {
			isa = PBXFrameworksBuildPhase;
			buildActionMask = 2147483647;
			files = (
			);
			runOnlyForDeploymentPostprocessing = 0;
		};
		90D9865E19CB446E00F98338 /* Frameworks */ = {
			isa = PBXFrameworksBuildPhase;
			buildActionMask = 2147483647;
			files = (
			);
			runOnlyForDeploymentPostprocessing = 0;
		};
/* End PBXFrameworksBuildPhase section */

/* Begin PBXGroup section */
		90D9864619CB446D00F98338 = {
			isa = PBXGroup;
			children = (
				90D9865119CB446E00F98338 /* Tip Calculator */,
				90D9866419CB446E00F98338 /* Tip CalculatorTests */,
				90D9865019CB446E00F98338 /* Products */,
			);
			sourceTree = "<group>";
		};
		90D9865019CB446E00F98338 /* Products */ = {
			isa = PBXGroup;
			children = (
				90D9864F19CB446E00F98338 /* Tip Calculator.app */,
				90D9866119CB446E00F98338 /* Tip CalculatorTests.xctest */,
			);
			name = Products;
			sourceTree = "<group>";
		};
		90D9865119CB446E00F98338 /* Tip Calculator */ = {
			isa = PBXGroup;
			children = (
				90D9867319CB5FD700F98338 /* ViewControllers */,
				90D9865419CB446E00F98338 /* AppDelegate.swift */,
				90D9865619CB446E00F98338 /* ViewController.swift */,
				90D9865819CB446E00F98338 /* Main.storyboard */,
				90D9865B19CB446E00F98338 /* Images.xcassets */,
				90D9865219CB446E00F98338 /* Supporting Files */,
			);
			path = "Tip Calculator";
			sourceTree = "<group>";
		};
		90D9865219CB446E00F98338 /* Supporting Files */ = {
			isa = PBXGroup;
			children = (
				90D9865319CB446E00F98338 /* Info.plist */,
			);
			name = "Supporting Files";
			sourceTree = "<group>";
		};
		90D9866419CB446E00F98338 /* Tip CalculatorTests */ = {
			isa = PBXGroup;
			children = (
				90D9866719CB446E00F98338 /* Tip_CalculatorTests.swift */,
				90D9866519CB446E00F98338 /* Supporting Files */,
			);
			path = "Tip CalculatorTests";
			sourceTree = "<group>";
		};
		90D9866519CB446E00F98338 /* Supporting Files */ = {
			isa = PBXGroup;
			children = (
				90D9866619CB446E00F98338 /* Info.plist */,
			);
			name = "Supporting Files";
			sourceTree = "<group>";
		};
		90D9867319CB5FD700F98338 /* ViewControllers */ = {
			isa = PBXGroup;
			children = (
				90D9867119CB5FA200F98338 /* UserViewController.swift */,
			);
			name = ViewControllers;
			sourceTree = "<group>";
		};
/* End PBXGroup section */

/* Begin PBXNativeTarget section */
		90D9864E19CB446E00F98338 /* Tip Calculator */ = {
			isa = PBXNativeTarget;
			buildConfigurationList = 90D9866B19CB446E00F98338 /* Build configuration list for PBXNativeTarget "Tip Calculator" */;
			buildPhases = (
				90D9864B19CB446E00F98338 /* Sources */,
				90D9864C19CB446E00F98338 /* Frameworks */,
				90D9864D19CB446E00F98338 /* Resources */,
			);
			buildRules = (
			);
			dependencies = (
			);
			name = "Tip Calculator";
			productName = "Tip Calculator";
			productReference = 90D9864F19CB446E00F98338 /* Tip Calculator.app */;
			productType = "com.apple.product-type.application";
		};
		90D9866019CB446E00F98338 /* Tip CalculatorTests */ = {
			isa = PBXNativeTarget;
			buildConfigurationList = 90D9866E19CB446E00F98338 /* Build configuration list for PBXNativeTarget "Tip CalculatorTests" */;
			buildPhases = (
				90D9865D19CB446E00F98338 /* Sources */,
				90D9865E19CB446E00F98338 /* Frameworks */,
				90D9865F19CB446E00F98338 /* Resources */,
			);
			buildRules = (
			);
			dependencies = (
				90D9866319CB446E00F98338 /* PBXTargetDependency */,
			);
			name = "Tip CalculatorTests";
			productName = "Tip CalculatorTests";
			productReference = 90D9866119CB446E00F98338 /* Tip CalculatorTests.xctest */;
			productType = "com.apple.product-type.bundle.unit-test";
		};
/* End PBXNativeTarget section */

/* Begin PBXProject section */
		90D9864719CB446D00F98338 /* Project object */ = {
			isa = PBXProject;
			attributes = {
				LastUpgradeCheck = 0600;
				ORGANIZATIONNAME = "Morgan Lai";
				TargetAttributes = {
					90D9864E19CB446E00F98338 = {
						CreatedOnToolsVersion = 6.0;
					};
					90D9866019CB446E00F98338 = {
						CreatedOnToolsVersion = 6.0;
						TestTargetID = 90D9864E19CB446E00F98338;
					};
				};
			};
			buildConfigurationList = 90D9864A19CB446D00F98338 /* Build configuration list for PBXProject "Tip Calculator" */;
			compatibilityVersion = "Xcode 3.2";
			developmentRegion = English;
			hasScannedForEncodings = 0;
			knownRegions = (
				en,
				Base,
			);
			mainGroup = 90D9864619CB446D00F98338;
			productRefGroup = 90D9865019CB446E00F98338 /* Products */;
			projectDirPath = "";
			projectRoot = "";
			targets = (
				90D9864E19CB446E00F98338 /* Tip Calculator */,
				90D9866019CB446E00F98338 /* Tip CalculatorTests */,
			);
		};
/* End PBXProject section */

/* Begin PBXResourcesBuildPhase section */
		90D9864D19CB446E00F98338 /* Resources */ = {
			isa = PBXResourcesBuildPhase;
			buildActionMask = 2147483647;
			files = (
				90D9865A19CB446E00F98338 /* Main.storyboard in Resources */,
				90D9865C19CB446E00F98338 /* Images.xcassets in Resources */,
			);
			runOnlyForDeploymentPostprocessing = 0;
		};
		90D9865F19CB446E00F98338 /* Resources */ = {
			isa = PBXResourcesBuildPhase;
			buildActionMask = 2147483647;
			files = (
			);
			runOnlyForDeploymentPostprocessing = 0;
		};
/* End PBXResourcesBuildPhase section */

/* Begin PBXSourcesBuildPhase section */
		90D9864B19CB446E00F98338 /* Sources */ = {
			isa = PBXSourcesBuildPhase;
			buildActionMask = 2147483647;
			files = (
				90D9865719CB446E00F98338 /* ViewController.swift in Sources */,
				90D9867219CB5FA200F98338 /* UserViewController.swift in Sources */,
				90D9865519CB446E00F98338 /* AppDelegate.swift in Sources */,
			);
			runOnlyForDeploymentPostprocessing = 0;
		};
		90D9865D19CB446E00F98338 /* Sources */ = {
			isa = PBXSourcesBuildPhase;
			buildActionMask = 2147483647;
			files = (
				90D9866819CB446E00F98338 /* Tip_CalculatorTests.swift in Sources */,
			);
			runOnlyForDeploymentPostprocessing = 0;
		};
/* End PBXSourcesBuildPhase section */

/* Begin PBXTargetDependency section */
		90D9866319CB446E00F98338 /* PBXTargetDependency */ = {
			isa = PBXTargetDependency;
			target = 90D9864E19CB446E00F98338 /* Tip Calculator */;
			targetProxy = 90D9866219CB446E00F98338 /* PBXContainerItemProxy */;
		};
/* End PBXTargetDependency section */

/* Begin PBXVariantGroup section */
		90D9865819CB446E00F98338 /* Main.storyboard */ = {
			isa = PBXVariantGroup;
			children = (
				90D9865919CB446E00F98338 /* Base */,
			);
			name = Main.storyboard;
			sourceTree = "<group>";
		};
/* End PBXVariantGroup section */

/* Begin XCBuildConfiguration section */
		90D9866919CB446E00F98338 /* Debug */ = {
			isa = XCBuildConfiguration;
			buildSettings = {
				ALWAYS_SEARCH_USER_PATHS = NO;
				CLANG_CXX_LANGUAGE_STANDARD = "gnu++0x";
				CLANG_CXX_LIBRARY = "libc++";
				CLANG_ENABLE_MODULES = YES;
				CLANG_ENABLE_OBJC_ARC = YES;
				CLANG_WARN_BOOL_CONVERSION = YES;
				CLANG_WARN_CONSTANT_CONVERSION = YES;
				CLANG_WARN_DIRECT_OBJC_ISA_USAGE = YES_ERROR;
				CLANG_WARN_EMPTY_BODY = YES;
				CLANG_WARN_ENUM_CONVERSION = YES;
				CLANG_WARN_INT_CONVERSION = YES;
				CLANG_WARN_OBJC_ROOT_CLASS = YES_ERROR;
				CLANG_WARN_UNREACHABLE_CODE = YES;
				CLANG_WARN__DUPLICATE_METHOD_MATCH = YES;
				"CODE_SIGN_IDENTITY[sdk=iphoneos*]" = "iPhone Developer";
				COPY_PHASE_STRIP = NO;
				ENABLE_STRICT_OBJC_MSGSEND = YES;
				GCC_C_LANGUAGE_STANDARD = gnu99;
				GCC_DYNAMIC_NO_PIC = NO;
				GCC_OPTIMIZATION_LEVEL = 0;
				GCC_PREPROCESSOR_DEFINITIONS = (
					"DEBUG=1",
					"$(inherited)",
				);
				GCC_SYMBOLS_PRIVATE_EXTERN = NO;
				GCC_WARN_64_TO_32_BIT_CONVERSION = YES;
				GCC_WARN_ABOUT_RETURN_TYPE = YES_ERROR;
				GCC_WARN_UNDECLARED_SELECTOR = YES;
				GCC_WARN_UNINITIALIZED_AUTOS = YES_AGGRESSIVE;
				GCC_WARN_UNUSED_FUNCTION = YES;
				GCC_WARN_UNUSED_VARIABLE = YES;
				IPHONEOS_DEPLOYMENT_TARGET = 8.0;
				MTL_ENABLE_DEBUG_INFO = YES;
				ONLY_ACTIVE_ARCH = YES;
				SDKROOT = iphoneos;
				SWIFT_OPTIMIZATION_LEVEL = "-Onone";
			};
			name = Debug;
		};
		90D9866A19CB446E00F98338 /* Release */ = {
			isa = XCBuildConfiguration;
			buildSettings = {
				ALWAYS_SEARCH_USER_PATHS = NO;
				CLANG_CXX_LANGUAGE_STANDARD = "gnu++0x";
				CLANG_CXX_LIBRARY = "libc++";
				CLANG_ENABLE_MODULES = YES;
				CLANG_ENABLE_OBJC_ARC = YES;
				CLANG_WARN_BOOL_CONVERSION = YES;
				CLANG_WARN_CONSTANT_CONVERSION = YES;
				CLANG_WARN_DIRECT_OBJC_ISA_USAGE = YES_ERROR;
				CLANG_WARN_EMPTY_BODY = YES;
				CLANG_WARN_ENUM_CONVERSION = YES;
				CLANG_WARN_INT_CONVERSION = YES;
				CLANG_WARN_OBJC_ROOT_CLASS = YES_ERROR;
				CLANG_WARN_UNREACHABLE_CODE = YES;
				CLANG_WARN__DUPLICATE_METHOD_MATCH = YES;
				"CODE_SIGN_IDENTITY[sdk=iphoneos*]" = "iPhone Developer";
				COPY_PHASE_STRIP = YES;
				ENABLE_NS_ASSERTIONS = NO;
				ENABLE_STRICT_OBJC_MSGSEND = YES;
				GCC_C_LANGUAGE_STANDARD = gnu99;
				GCC_WARN_64_TO_32_BIT_CONVERSION = YES;
				GCC_WARN_ABOUT_RETURN_TYPE = YES_ERROR;
				GCC_WARN_UNDECLARED_SELECTOR = YES;
				GCC_WARN_UNINITIALIZED_AUTOS = YES_AGGRESSIVE;
				GCC_WARN_UNUSED_FUNCTION = YES;
				GCC_WARN_UNUSED_VARIABLE = YES;
				IPHONEOS_DEPLOYMENT_TARGET = 8.0;
				MTL_ENABLE_DEBUG_INFO = NO;
				SDKROOT = iphoneos;
				VALIDATE_PRODUCT = YES;
			};
			name = Release;
		};
		90D9866C19CB446E00F98338 /* Debug */ = {
			isa = XCBuildConfiguration;
			buildSettings = {
				ASSETCATALOG_COMPILER_APPICON_NAME = AppIcon;
				ASSETCATALOG_COMPILER_LAUNCHIMAGE_NAME = LaunchImage;
				INFOPLIST_FILE = "Tip Calculator/Info.plist";
				IPHONEOS_DEPLOYMENT_TARGET = 7.0;
				LD_RUNPATH_SEARCH_PATHS = "$(inherited) @executable_path/Frameworks";
				PRODUCT_NAME = "$(TARGET_NAME)";
			};
			name = Debug;
		};
		90D9866D19CB446E00F98338 /* Release */ = {
			isa = XCBuildConfiguration;
			buildSettings = {
				ASSETCATALOG_COMPILER_APPICON_NAME = AppIcon;
				ASSETCATALOG_COMPILER_LAUNCHIMAGE_NAME = LaunchImage;
				INFOPLIST_FILE = "Tip Calculator/Info.plist";
				IPHONEOS_DEPLOYMENT_TARGET = 7.0;
				LD_RUNPATH_SEARCH_PATHS = "$(inherited) @executable_path/Frameworks";
				PRODUCT_NAME = "$(TARGET_NAME)";
			};
			name = Release;
		};
		90D9866F19CB446E00F98338 /* Debug */ = {
			isa = XCBuildConfiguration;
			buildSettings = {
				BUNDLE_LOADER = "$(TEST_HOST)";
				FRAMEWORK_SEARCH_PATHS = (
					"$(SDKROOT)/Developer/Library/Frameworks",
					"$(inherited)",
				);
				GCC_PREPROCESSOR_DEFINITIONS = (
					"DEBUG=1",
					"$(inherited)",
				);
				INFOPLIST_FILE = "Tip CalculatorTests/Info.plist";
				LD_RUNPATH_SEARCH_PATHS = "$(inherited) @executable_path/Frameworks @loader_path/Frameworks";
				PRODUCT_NAME = "$(TARGET_NAME)";
				TEST_HOST = "$(BUILT_PRODUCTS_DIR)/Tip Calculator.app/Tip Calculator";
			};
			name = Debug;
		};
		90D9867019CB446E00F98338 /* Release */ = {
			isa = XCBuildConfiguration;
			buildSettings = {
				BUNDLE_LOADER = "$(TEST_HOST)";
				FRAMEWORK_SEARCH_PATHS = (
					"$(SDKROOT)/Developer/Library/Frameworks",
					"$(inherited)",
				);
				INFOPLIST_FILE = "Tip CalculatorTests/Info.plist";
				LD_RUNPATH_SEARCH_PATHS = "$(inherited) @executable_path/Frameworks @loader_path/Frameworks";
				PRODUCT_NAME = "$(TARGET_NAME)";
				TEST_HOST = "$(BUILT_PRODUCTS_DIR)/Tip Calculator.app/Tip Calculator";
			};
			name = Release;
		};
/* End XCBuildConfiguration section */

/* Begin XCConfigurationList section */
		90D9864A19CB446D00F98338 /* Build configuration list for PBXProject "Tip Calculator" */ = {
			isa = XCConfigurationList;
			buildConfigurations = (
				90D9866919CB446E00F98338 /* Debug */,
				90D9866A19CB446E00F98338 /* Release */,
			);
			defaultConfigurationIsVisible = 0;
			defaultConfigurationName = Release;
		};
		90D9866B19CB446E00F98338 /* Build configuration list for PBXNativeTarget "Tip Calculator" */ = {
			isa = XCConfigurationList;
			buildConfigurations = (
				90D9866C19CB446E00F98338 /* Debug */,
				90D9866D19CB446E00F98338 /* Release */,
			);
			defaultConfigurationIsVisible = 0;
		};
		90D9866E19CB446E00F98338 /* Build configuration list for PBXNativeTarget "Tip CalculatorTests" */ = {
			isa = XCConfigurationList;
			buildConfigurations = (
				90D9866F19CB446E00F98338 /* Debug */,
				90D9867019CB446E00F98338 /* Release */,
			);
			defaultConfigurationIsVisible = 0;
		};
/* End XCConfigurationList section */
	};
	rootObject = 90D9864719CB446D00F98338 /* Project object */;
}
